
Microsoft Visual Studio Solution File, Format Version 12.00
# Visual Studio Version 17
VisualStudioVersion = 17.12.35707.178 d17.12
MinimumVisualStudioVersion = 10.0.40219.1
Project("{FAE04EC0-301F-11D3-BF4B-00C04F79EFBC}") = "OidcClientAssertion", "OidcClientAssertion\OidcClientAssertion.csproj", "{48CC097E-1FDA-495C-B55D-9D7244803BA8}"
EndProject
Project("{FAE04EC0-301F-11D3-BF4B-00C04F79EFBC}") = "CreateSelfSignedCertsConsole", "CreateSelfSignedCertsConsole\CreateSelfSignedCertsConsole.csproj", "{D3758A31-E294-4227-BF19-E6C1AD76DE16}"
EndProject
Global
	GlobalSection(SolutionConfigurationPlatforms) = preSolution
		Debug|Any CPU = Debug|Any CPU
		Release|Any CPU = Release|Any CPU
	EndGlobalSection
	GlobalSection(ProjectConfigurationPlatforms) = postSolution
		{48CC097E-1FDA-495C-B55D-9D7244803BA8}.Debug|Any CPU.ActiveCfg = Debug|Any CPU
		{48CC097E-1FDA-495C-B55D-9D7244803BA8}.Debug|Any CPU.Build.0 = Debug|Any CPU
		{48CC097E-1FDA-495C-B55D-9D7244803BA8}.Release|Any CPU.ActiveCfg = Release|Any CPU
		{48CC097E-1FDA-495C-B55D-9D7244803BA8}.Release|Any CPU.Build.0 = Release|Any CPU
		{D3758A31-E294-4227-BF19-E6C1AD76DE16}.Debug|Any CPU.ActiveCfg = Debug|Any CPU
		{D3758A31-E294-4227-BF19-E6C1AD76DE16}.Debug|Any CPU.Build.0 = Debug|Any CPU
		{D3758A31-E294-4227-BF19-E6C1AD76DE16}.Release|Any CPU.ActiveCfg = Release|Any CPU
		{D3758A31-E294-4227-BF19-E6C1AD76DE16}.Release|Any CPU.Build.0 = Release|Any CPU
	EndGlobalSection
	GlobalSection(SolutionProperties) = preSolution
		HideSolutionNode = FALSE
	EndGlobalSection
EndGlobal
